{
  "name": "webpack-mock-dev-server",
  "version": "1.0.0",
  "lockfileVersion": 1,
  "requires": true,
  "dependencies": {
    "@types/body-parser": {
      "version": "1.17.0",
      "resolved": "https://registry.npmjs.org/@types/body-parser/-/body-parser-1.17.0.tgz",
      "integrity": "sha512-a2+YeUjPkztKJu5aIF2yArYFQQp8d51wZ7DavSHjFuY1mqVgidGyzEQ41JIVNy82fXj8yPgy2vJmfIywgESW6w==",
      "dev": true,
      "requires": {
        "@types/connect": "*",
        "@types/node": "*"
      }
    },
    "@types/connect": {
      "version": "3.4.32",
      "resolved": "https://registry.npmjs.org/@types/connect/-/connect-3.4.32.tgz",
      "integrity": "sha512-4r8qa0quOvh7lGD0pre62CAb1oni1OO6ecJLGCezTmhQ8Fz50Arx9RUszryR8KlgK6avuSXvviL6yWyViQABOg==",
      "dev": true,
      "requires": {
        "@types/node": "*"
      }
    },
    "@types/express": {
      "version": "4.16.1",
      "resolved": "https://registry.npmjs.org/@types/express/-/express-4.16.1.tgz",
      "integrity": "sha512-V0clmJow23WeyblmACoxbHBu2JKlE5TiIme6Lem14FnPW9gsttyHtk6wq7njcdIWH1njAaFgR8gW09lgY98gQg==",
      "dev": true,
      "requires": {
        "@types/body-parser": "*",
        "@types/express-serve-static-core": "*",
        "@types/serve-static": "*"
      }
    },
    "@types/express-serve-static-core": {
      "version": "4.16.2",
      "resolved": "https://registry.npmjs.org/@types/express-serve-static-core/-/express-serve-static-core-4.16.2.tgz",
      "integrity": "sha512-qgc8tjnDrc789rAQed8NoiFLV5VGcItA4yWNFphqGU0RcuuQngD00g3LHhWIK3HQ2XeDgVCmlNPDlqi3fWBHnQ==",
      "dev": true,
      "requires": {
        "@types/node": "*",
        "@types/range-parser": "*"
      }
    },
    "@types/mime": {
      "version": "2.0.1",
      "resolved": "https://registry.npmjs.org/@types/mime/-/mime-2.0.1.tgz",
      "integrity": "sha512-FwI9gX75FgVBJ7ywgnq/P7tw+/o1GUbtP0KzbtusLigAOgIgNISRK0ZPl4qertvXSIE8YbsVJueQ90cDt9YYyw==",
      "dev": true
    },
    "@types/minimatch": {
      "version": "3.0.3",
      "resolved": "https://registry.npmjs.org/@types/minimatch/-/minimatch-3.0.3.tgz",
      "integrity": "sha512-tHq6qdbT9U1IRSGf14CL0pUlULksvY9OZ+5eEgl1N7t+OA3tGvNpxJCzuKQlsNgCVwbAs670L1vcVQi8j9HjnA==",
      "dev": true
    },
    "@types/node": {
      "version": "11.11.5",
      "resolved": "https://registry.npmjs.org/@types/node/-/node-11.11.5.tgz",
      "integrity": "sha512-pz6wNe/XwyesgfVX7P6B0hY3TnTAYXk6KSTLdpQfbuq3be+hnMoCuFzE+yLTskPdBwmNiGRL2TAsnF09aRugvQ==",
      "dev": true
    },
    "@types/range-parser": {
      "version": "1.2.3",
      "resolved": "https://registry.npmjs.org/@types/range-parser/-/range-parser-1.2.3.tgz",
      "integrity": "sha512-ewFXqrQHlFsgc09MK5jP5iR7vumV/BYayNC6PgJO2LPe8vrnNFyjQjSppfEngITi0qvfKtzFvgKymGheFM9UOA==",
      "dev": true
    },
    "@types/serve-static": {
      "version": "1.13.2",
      "resolved": "https://registry.npmjs.org/@types/serve-static/-/serve-static-1.13.2.tgz",
      "integrity": "sha512-/BZ4QRLpH/bNYgZgwhKEh+5AsboDBcUdlBYgzoLX0fpj3Y2gp6EApyOlM3bK53wQS/OE1SrdSYBAbux2D1528Q==",
      "dev": true,
      "requires": {
        "@types/express-serve-static-core": "*",
        "@types/mime": "*"
      }
    },
    "balanced-match": {
      "version": "1.0.0",
      "resolved": "https://registry.npmjs.org/balanced-match/-/balanced-match-1.0.0.tgz",
      "integrity": "sha1-ibTRmasr7kneFk6gK4nORi1xt2c="
    },
    "brace-expansion": {
      "version": "1.1.11",
      "resolved": "https://registry.npmjs.org/brace-expansion/-/brace-expansion-1.1.11.tgz",
      "integrity": "sha512-iCuPHDFgrHX7H2vEI/5xpz07zSHB00TpugqhmYtVmMO6518mCuRMoOYFldEBl0g187ufozdaHgWKcYFb61qGiA==",
      "requires": {
        "balanced-match": "^1.0.0",
        "concat-map": "0.0.1"
      }
    },
    "concat-map": {
      "version": "0.0.1",
      "resolved": "https://registry.npmjs.org/concat-map/-/concat-map-0.0.1.tgz",
      "integrity": "sha1-2Klr13/Wjfd5OnMDajug1UBdR3s="
    },
    "minimatch": {
      "version": "3.0.4",
      "resolved": "https://registry.npmjs.org/minimatch/-/minimatch-3.0.4.tgz",
      "integrity": "sha512-yJHVQEhyqPLUTgt9B83PXu6W3rx4MvvHvSUvToogpwoGDOUQ+yDrR0HRot+yOCdCO7u4hX3pWft6kWBBcqh0UA==",
      "requires": {
        "brace-expansion": "^1.1.7"
      }
    },
    "typescript": {
      "version": "3.3.4000",
      "resolved": "https://registry.npmjs.org/typescript/-/typescript-3.3.4000.tgz",
      "integrity": "sha512-jjOcCZvpkl2+z7JFn0yBOoLQyLoIkNZAs/fYJkUG6VKy6zLPHJGfQJYFHzibB6GJaF/8QrcECtlQ5cpvRHSMEA==",
      "dev": true
    }
  }
}
